
Microsoft Visual Studio Solution File, Format Version 12.00
# Visual Studio Version 17
VisualStudioVersion = 17.6.33723.286
MinimumVisualStudioVersion = 10.0.40219.1
Project("{FAE04EC0-301F-11D3-BF4B-00C04F79EFBC}") = "Project1", "Project1.csproj", "{A2862F18-24F2-4AD6-92F3-AB169C39DBCF}"
EndProject
Global
	GlobalSection(SolutionConfigurationPlatforms) = preSolution
		Debug|Any CPU = Debug|Any CPU
		Release|Any CPU = Release|Any CPU
	EndGlobalSection
	GlobalSection(ProjectConfigurationPlatforms) = postSolution
		{A2862F18-24F2-4AD6-92F3-AB169C39DBCF}.Debug|Any CPU.ActiveCfg = Debug|Any CPU
		{A2862F18-24F2-4AD6-92F3-AB169C39DBCF}.Debug|Any CPU.Build.0 = Debug|Any CPU
		{A2862F18-24F2-4AD6-92F3-AB169C39DBCF}.Release|Any CPU.ActiveCfg = Release|Any CPU
		{A2862F18-24F2-4AD6-92F3-AB169C39DBCF}.Release|Any CPU.Build.0 = Release|Any CPU
	EndGlobalSection
	GlobalSection(SolutionProperties) = preSolution
		HideSolutionNode = FALSE
	EndGlobalSection
	GlobalSection(ExtensibilityGlobals) = postSolution
		SolutionGuid = {16681B27-09F7-4207-880D-C81C17CF7014}
	EndGlobalSection
EndGlobal
